
Microsoft Visual Studio Solution File, Format Version 12.00
# Visual Studio Version 17
VisualStudioVersion = 17.11.35222.181
MinimumVisualStudioVersion = 10.0.40219.1
Project("{FAE04EC0-301F-11D3-BF4B-00C04F79EFBC}") = "BaruHDLIntegration", "BaruHDLIntegration\BaruHDLIntegration.csproj", "{E710F5B6-7E02-42BB-8ADF-7E85C5487C40}"
EndProject
Global
	GlobalSection(SolutionConfigurationPlatforms) = preSolution
		Debug|Any CPU = Debug|Any CPU
		Release|Any CPU = Release|Any CPU
	EndGlobalSection
	GlobalSection(ProjectConfigurationPlatforms) = postSolution
		{E710F5B6-7E02-42BB-8ADF-7E85C5487C40}.Debug|Any CPU.ActiveCfg = Debug|Any CPU
		{E710F5B6-7E02-42BB-8ADF-7E85C5487C40}.Debug|Any CPU.Build.0 = Debug|Any CPU
		{E710F5B6-7E02-42BB-8ADF-7E85C5487C40}.Release|Any CPU.ActiveCfg = Release|Any CPU
		{E710F5B6-7E02-42BB-8ADF-7E85C5487C40}.Release|Any CPU.Build.0 = Release|Any CPU
	EndGlobalSection
	GlobalSection(SolutionProperties) = preSolution
		HideSolutionNode = FALSE
	EndGlobalSection
	GlobalSection(ExtensibilityGlobals) = postSolution
		SolutionGuid = {BA78DA3C-CEE7-4CAF-939E-B537D8A6289C}
	EndGlobalSection
EndGlobal
